
Microsoft Visual Studio Solution File, Format Version 12.00
# Visual Studio Version 17
VisualStudioVersion = 17.12.35527.113 d17.12
MinimumVisualStudioVersion = 10.0.40219.1
Project("{FAE04EC0-301F-11D3-BF4B-00C04F79EFBC}") = "FinancialGoalsManager.Domain", "FinancialGoalsManager.Domain\FinancialGoalsManager.Domain.csproj", "{9FBF2D1E-92D0-4EFC-B04E-55839D6589A1}"
EndProject
Project("{FAE04EC0-301F-11D3-BF4B-00C04F79EFBC}") = "FinancialGoalsManager.Application", "FinancialGoalsManager.Application\FinancialGoalsManager.Application.csproj", "{79FE4272-F697-4C38-9684-5D8B8D1410EB}"
EndProject
Project("{FAE04EC0-301F-11D3-BF4B-00C04F79EFBC}") = "FinancialGoalsManager.Infrastructure", "FinancialGoalsManager.Infrastructure\FinancialGoalsManager.Infrastructure.csproj", "{A3A534F5-1F01-4441-AF48-172BC5361FDB}"
EndProject
Project("{FAE04EC0-301F-11D3-BF4B-00C04F79EFBC}") = "FinancialGoalsManager.Extensions", "FinancialGoalsManager.Extensions\FinancialGoalsManager.Extensions.csproj", "{77FCAB62-DAAB-4B78-A198-16559D4CE363}"
EndProject
Project("{FAE04EC0-301F-11D3-BF4B-00C04F79EFBC}") = "FinancialGoalsManager.Api", "FinancialGoalsManager.Api\FinancialGoalsManager.Api.csproj", "{16FF6572-139E-4438-BF70-5994774260AE}"
EndProject
Global
	GlobalSection(SolutionConfigurationPlatforms) = preSolution
		Debug|Any CPU = Debug|Any CPU
		Release|Any CPU = Release|Any CPU
	EndGlobalSection
	GlobalSection(ProjectConfigurationPlatforms) = postSolution
		{9FBF2D1E-92D0-4EFC-B04E-55839D6589A1}.Debug|Any CPU.ActiveCfg = Debug|Any CPU
		{9FBF2D1E-92D0-4EFC-B04E-55839D6589A1}.Debug|Any CPU.Build.0 = Debug|Any CPU
		{9FBF2D1E-92D0-4EFC-B04E-55839D6589A1}.Release|Any CPU.ActiveCfg = Release|Any CPU
		{9FBF2D1E-92D0-4EFC-B04E-55839D6589A1}.Release|Any CPU.Build.0 = Release|Any CPU
		{79FE4272-F697-4C38-9684-5D8B8D1410EB}.Debug|Any CPU.ActiveCfg = Debug|Any CPU
		{79FE4272-F697-4C38-9684-5D8B8D1410EB}.Debug|Any CPU.Build.0 = Debug|Any CPU
		{79FE4272-F697-4C38-9684-5D8B8D1410EB}.Release|Any CPU.ActiveCfg = Release|Any CPU
		{79FE4272-F697-4C38-9684-5D8B8D1410EB}.Release|Any CPU.Build.0 = Release|Any CPU
		{A3A534F5-1F01-4441-AF48-172BC5361FDB}.Debug|Any CPU.ActiveCfg = Debug|Any CPU
		{A3A534F5-1F01-4441-AF48-172BC5361FDB}.Debug|Any CPU.Build.0 = Debug|Any CPU
		{A3A534F5-1F01-4441-AF48-172BC5361FDB}.Release|Any CPU.ActiveCfg = Release|Any CPU
		{A3A534F5-1F01-4441-AF48-172BC5361FDB}.Release|Any CPU.Build.0 = Release|Any CPU
		{77FCAB62-DAAB-4B78-A198-16559D4CE363}.Debug|Any CPU.ActiveCfg = Debug|Any CPU
		{77FCAB62-DAAB-4B78-A198-16559D4CE363}.Debug|Any CPU.Build.0 = Debug|Any CPU
		{77FCAB62-DAAB-4B78-A198-16559D4CE363}.Release|Any CPU.ActiveCfg = Release|Any CPU
		{77FCAB62-DAAB-4B78-A198-16559D4CE363}.Release|Any CPU.Build.0 = Release|Any CPU
		{16FF6572-139E-4438-BF70-5994774260AE}.Debug|Any CPU.ActiveCfg = Debug|Any CPU
		{16FF6572-139E-4438-BF70-5994774260AE}.Debug|Any CPU.Build.0 = Debug|Any CPU
		{16FF6572-139E-4438-BF70-5994774260AE}.Release|Any CPU.ActiveCfg = Release|Any CPU
		{16FF6572-139E-4438-BF70-5994774260AE}.Release|Any CPU.Build.0 = Release|Any CPU
	EndGlobalSection
	GlobalSection(SolutionProperties) = preSolution
		HideSolutionNode = FALSE
	EndGlobalSection
EndGlobal
